// !$*UTF8*$!
{
	archiveVersion = 1;
	classes = {
	};
	objectVersion = 50;
	objects = {

/* Begin PBXBuildFile section */
		102DBAFF24A656DC008302BA /* FormRowLinkView.swift in Sources */ = {isa = PBXBuildFile; fileRef = 102DBAFE24A656DC008302BA /* FormRowLinkView.swift */; };
		102DBB0A24A66447008302BA /* Green.png in Resources */ = {isa = PBXBuildFile; fileRef = 102DBB0124A66446008302BA /* Green.png */; };
		102DBB0B24A66447008302BA /* Green Light.png in Resources */ = {isa = PBXBuildFile; fileRef = 102DBB0224A66446008302BA /* Green Light.png */; };
		102DBB0C24A66447008302BA /* Blue Light.png in Resources */ = {isa = PBXBuildFile; fileRef = 102DBB0324A66446008302BA /* Blue Light.png */; };
		102DBB0D24A66447008302BA /* Blue Dark.png in Resources */ = {isa = PBXBuildFile; fileRef = 102DBB0424A66446008302BA /* Blue Dark.png */; };
		102DBB0E24A66447008302BA /* Green Dark.png in Resources */ = {isa = PBXBuildFile; fileRef = 102DBB0524A66446008302BA /* Green Dark.png */; };
		102DBB0F24A66447008302BA /* Pink Dark.png in Resources */ = {isa = PBXBuildFile; fileRef = 102DBB0624A66446008302BA /* Pink Dark.png */; };
		102DBB1024A66447008302BA /* Pink.png in Resources */ = {isa = PBXBuildFile; fileRef = 102DBB0724A66446008302BA /* Pink.png */; };
		102DBB1124A66447008302BA /* Pink Light.png in Resources */ = {isa = PBXBuildFile; fileRef = 102DBB0824A66446008302BA /* Pink Light.png */; };
		102DBB1224A66447008302BA /* Blue.png in Resources */ = {isa = PBXBuildFile; fileRef = 102DBB0924A66446008302BA /* Blue.png */; };
		102DBB1424A66C40008302BA /* Default-568h@2x.png in Resources */ = {isa = PBXBuildFile; fileRef = 102DBB1324A66C40008302BA /* Default-568h@2x.png */; };
		10821FB524A4BDAF005610B3 /* SettingsView.swift in Sources */ = {isa = PBXBuildFile; fileRef = 10821FB424A4BDAF005610B3 /* SettingsView.swift */; };
		10821FB724A4C23E005610B3 /* FormRowStaticView.swift in Sources */ = {isa = PBXBuildFile; fileRef = 10821FB624A4C23E005610B3 /* FormRowStaticView.swift */; };
		10C4B95B24A7725300A761A8 /* ThemeModel.swift in Sources */ = {isa = PBXBuildFile; fileRef = 10C4B95A24A7725300A761A8 /* ThemeModel.swift */; };
		10C4B95D24A7728E00A761A8 /* ThemeData.swift in Sources */ = {isa = PBXBuildFile; fileRef = 10C4B95C24A7728E00A761A8 /* ThemeData.swift */; };
		10C4B95F24A7730200A761A8 /* ThemeSettings.swift in Sources */ = {isa = PBXBuildFile; fileRef = 10C4B95E24A7730200A761A8 /* ThemeSettings.swift */; };
		10ED2EF224A3BB66006B4120 /* EmptyListView.swift in Sources */ = {isa = PBXBuildFile; fileRef = 10ED2EF124A3BB66006B4120 /* EmptyListView.swift */; };
		10ED78B024A2492300E36F78 /* AppDelegate.swift in Sources */ = {isa = PBXBuildFile; fileRef = 10ED78AF24A2492300E36F78 /* AppDelegate.swift */; };
		10ED78B224A2492300E36F78 /* SceneDelegate.swift in Sources */ = {isa = PBXBuildFile; fileRef = 10ED78B124A2492300E36F78 /* SceneDelegate.swift */; };
		10ED78B524A2492300E36F78 /* ToDoApp.xcdatamodeld in Sources */ = {isa = PBXBuildFile; fileRef = 10ED78B324A2492300E36F78 /* ToDoApp.xcdatamodeld */; };
		10ED78B724A2492300E36F78 /* ContentView.swift in Sources */ = {isa = PBXBuildFile; fileRef = 10ED78B624A2492300E36F78 /* ContentView.swift */; };
		10ED78B924A2492600E36F78 /* Assets.xcassets in Resources */ = {isa = PBXBuildFile; fileRef = 10ED78B824A2492600E36F78 /* Assets.xcassets */; };
		10ED78BC24A2492600E36F78 /* Preview Assets.xcassets in Resources */ = {isa = PBXBuildFile; fileRef = 10ED78BB24A2492600E36F78 /* Preview Assets.xcassets */; };
		10ED78BF24A2492600E36F78 /* LaunchScreen.storyboard in Resources */ = {isa = PBXBuildFile; fileRef = 10ED78BD24A2492600E36F78 /* LaunchScreen.storyboard */; };
		10ED78C724A24E9C00E36F78 /* AddTodoView.swift in Sources */ = {isa = PBXBuildFile; fileRef = 10ED78C624A24E9C00E36F78 /* AddTodoView.swift */; };
/* End PBXBuildFile section */

/* Begin PBXFileReference section */
		102DBAFE24A656DC008302BA /* FormRowLinkView.swift */ = {isa = PBXFileReference; lastKnownFileType = sourcecode.swift; path = FormRowLinkView.swift; sourceTree = "<group>"; };
		102DBB0124A66446008302BA /* Green.png */ = {isa = PBXFileReference; lastKnownFileType = image.png; path = Green.png; sourceTree = "<group>"; };
		102DBB0224A66446008302BA /* Green Light.png */ = {isa = PBXFileReference; lastKnownFileType = image.png; path = "Green Light.png"; sourceTree = "<group>"; };
		102DBB0324A66446008302BA /* Blue Light.png */ = {isa = PBXFileReference; lastKnownFileType = image.png; path = "Blue Light.png"; sourceTree = "<group>"; };
		102DBB0424A66446008302BA /* Blue Dark.png */ = {isa = PBXFileReference; lastKnownFileType = image.png; path = "Blue Dark.png"; sourceTree = "<group>"; };
		102DBB0524A66446008302BA /* Green Dark.png */ = {isa = PBXFileReference; lastKnownFileType = image.png; path = "Green Dark.png"; sourceTree = "<group>"; };
		102DBB0624A66446008302BA /* Pink Dark.png */ = {isa = PBXFileReference; lastKnownFileType = image.png; path = "Pink Dark.png"; sourceTree = "<group>"; };
		102DBB0724A66446008302BA /* Pink.png */ = {isa = PBXFileReference; lastKnownFileType = image.png; path = Pink.png; sourceTree = "<group>"; };
		102DBB0824A66446008302BA /* Pink Light.png */ = {isa = PBXFileReference; lastKnownFileType = image.png; path = "Pink Light.png"; sourceTree = "<group>"; };
		102DBB0924A66446008302BA /* Blue.png */ = {isa = PBXFileReference; lastKnownFileType = image.png; path = Blue.png; sourceTree = "<group>"; };
		102DBB1324A66C40008302BA /* Default-568h@2x.png */ = {isa = PBXFileReference; lastKnownFileType = image.png; path = "Default-568h@2x.png"; sourceTree = "<group>"; };
		10821FB424A4BDAF005610B3 /* SettingsView.swift */ = {isa = PBXFileReference; lastKnownFileType = sourcecode.swift; path = SettingsView.swift; sourceTree = "<group>"; };
		10821FB624A4C23E005610B3 /* FormRowStaticView.swift */ = {isa = PBXFileReference; lastKnownFileType = sourcecode.swift; path = FormRowStaticView.swift; sourceTree = "<group>"; };
		10C4B95A24A7725300A761A8 /* ThemeModel.swift */ = {isa = PBXFileReference; lastKnownFileType = sourcecode.swift; path = ThemeModel.swift; sourceTree = "<group>"; };
		10C4B95C24A7728E00A761A8 /* ThemeData.swift */ = {isa = PBXFileReference; lastKnownFileType = sourcecode.swift; path = ThemeData.swift; sourceTree = "<group>"; };
		10C4B95E24A7730200A761A8 /* ThemeSettings.swift */ = {isa = PBXFileReference; lastKnownFileType = sourcecode.swift; path = ThemeSettings.swift; sourceTree = "<group>"; };
		10ED2EF124A3BB66006B4120 /* EmptyListView.swift */ = {isa = PBXFileReference; lastKnownFileType = sourcecode.swift; path = EmptyListView.swift; sourceTree = "<group>"; };
		10ED78AC24A2492300E36F78 /* ToDoApp.app */ = {isa = PBXFileReference; explicitFileType = wrapper.application; includeInIndex = 0; path = ToDoApp.app; sourceTree = BUILT_PRODUCTS_DIR; };
		10ED78AF24A2492300E36F78 /* AppDelegate.swift */ = {isa = PBXFileReference; lastKnownFileType = sourcecode.swift; path = AppDelegate.swift; sourceTree = "<group>"; };
		10ED78B124A2492300E36F78 /* SceneDelegate.swift */ = {isa = PBXFileReference; lastKnownFileType = sourcecode.swift; path = SceneDelegate.swift; sourceTree = "<group>"; };
		10ED78B424A2492300E36F78 /* ToDoApp.xcdatamodel */ = {isa = PBXFileReference; lastKnownFileType = wrapper.xcdatamodel; path = ToDoApp.xcdatamodel; sourceTree = "<group>"; };
		10ED78B624A2492300E36F78 /* ContentView.swift */ = {isa = PBXFileReference; lastKnownFileType = sourcecode.swift; path = ContentView.swift; sourceTree = "<group>"; };
		10ED78B824A2492600E36F78 /* Assets.xcassets */ = {isa = PBXFileReference; lastKnownFileType = folder.assetcatalog; path = Assets.xcassets; sourceTree = "<group>"; };
		10ED78BB24A2492600E36F78 /* Preview Assets.xcassets */ = {isa = PBXFileReference; lastKnownFileType = folder.assetcatalog; path = "Preview Assets.xcassets"; sourceTree = "<group>"; };
		10ED78BE24A2492600E36F78 /* Base */ = {isa = PBXFileReference; lastKnownFileType = file.storyboard; name = Base; path = Base.lproj/LaunchScreen.storyboard; sourceTree = "<group>"; };
		10ED78C024A2492600E36F78 /* Info.plist */ = {isa = PBXFileReference; lastKnownFileType = text.plist.xml; path = Info.plist; sourceTree = "<group>"; };
		10ED78C624A24E9C00E36F78 /* AddTodoView.swift */ = {isa = PBXFileReference; lastKnownFileType = sourcecode.swift; path = AddTodoView.swift; sourceTree = "<group>"; };
/* End PBXFileReference section */

/* Begin PBXFrameworksBuildPhase section */
		10ED78A924A2492300E36F78 /* Frameworks */ = {
			isa = PBXFrameworksBuildPhase;
			buildActionMask = 2147483647;
			files = (
			);
			runOnlyForDeploymentPostprocessing = 0;
		};
/* End PBXFrameworksBuildPhase section */

/* Begin PBXGroup section */
		102DBB0024A66414008302BA /* Icons */ = {
			isa = PBXGroup;
			children = (
				102DBB0424A66446008302BA /* Blue Dark.png */,
				102DBB0324A66446008302BA /* Blue Light.png */,
				102DBB0924A66446008302BA /* Blue.png */,
				102DBB0524A66446008302BA /* Green Dark.png */,
				102DBB0224A66446008302BA /* Green Light.png */,
				102DBB0124A66446008302BA /* Green.png */,
				102DBB0624A66446008302BA /* Pink Dark.png */,
				102DBB0824A66446008302BA /* Pink Light.png */,
				102DBB0724A66446008302BA /* Pink.png */,
			);
			path = Icons;
			sourceTree = "<group>";
		};
		10C4B95824A7723000A761A8 /* Theme */ = {
			isa = PBXGroup;
			children = (
				10C4B95A24A7725300A761A8 /* ThemeModel.swift */,
				10C4B95C24A7728E00A761A8 /* ThemeData.swift */,
				10C4B95E24A7730200A761A8 /* ThemeSettings.swift */,
			);
			path = Theme;
			sourceTree = "<group>";
		};
		10C4B95924A7723800A761A8 /* Launch */ = {
			isa = PBXGroup;
			children = (
				10ED78AF24A2492300E36F78 /* AppDelegate.swift */,
				10ED78B124A2492300E36F78 /* SceneDelegate.swift */,
			);
			path = Launch;
			sourceTree = "<group>";
		};
		10ED78A324A2492300E36F78 = {
			isa = PBXGroup;
			children = (
				102DBB1324A66C40008302BA /* Default-568h@2x.png */,
				10ED78AE24A2492300E36F78 /* ToDoApp */,
				10ED78AD24A2492300E36F78 /* Products */,
			);
			sourceTree = "<group>";
		};
		10ED78AD24A2492300E36F78 /* Products */ = {
			isa = PBXGroup;
			children = (
				10ED78AC24A2492300E36F78 /* ToDoApp.app */,
			);
			name = Products;
			sourceTree = "<group>";
		};
		10ED78AE24A2492300E36F78 /* ToDoApp */ = {
			isa = PBXGroup;
			children = (
				10C4B95924A7723800A761A8 /* Launch */,
				10C4B95824A7723000A761A8 /* Theme */,
				102DBB0024A66414008302BA /* Icons */,
				10ED78C824A24E9E00E36F78 /* View */,
				10ED78B824A2492600E36F78 /* Assets.xcassets */,
				10ED78BD24A2492600E36F78 /* LaunchScreen.storyboard */,
				10ED78C024A2492600E36F78 /* Info.plist */,
				10ED78B324A2492300E36F78 /* ToDoApp.xcdatamodeld */,
				10ED78BA24A2492600E36F78 /* Preview Content */,
			);
			path = ToDoApp;
			sourceTree = "<group>";
		};
		10ED78BA24A2492600E36F78 /* Preview Content */ = {
			isa = PBXGroup;
			children = (
				10ED78BB24A2492600E36F78 /* Preview Assets.xcassets */,
			);
			path = "Preview Content";
			sourceTree = "<group>";
		};
		10ED78C824A24E9E00E36F78 /* View */ = {
			isa = PBXGroup;
			children = (
				10ED78B624A2492300E36F78 /* ContentView.swift */,
				10ED78C624A24E9C00E36F78 /* AddTodoView.swift */,
				10ED2EF124A3BB66006B4120 /* EmptyListView.swift */,
				10821FB424A4BDAF005610B3 /* SettingsView.swift */,
				10821FB624A4C23E005610B3 /* FormRowStaticView.swift */,
				102DBAFE24A656DC008302BA /* FormRowLinkView.swift */,
			);
			path = View;
			sourceTree = "<group>";
		};
/* End PBXGroup section */

/* Begin PBXNativeTarget section */
		10ED78AB24A2492300E36F78 /* ToDoApp */ = {
			isa = PBXNativeTarget;
			buildConfigurationList = 10ED78C324A2492600E36F78 /* Build configuration list for PBXNativeTarget "ToDoApp" */;
			buildPhases = (
				10ED78A824A2492300E36F78 /* Sources */,
				10ED78A924A2492300E36F78 /* Frameworks */,
				10ED78AA24A2492300E36F78 /* Resources */,
			);
			buildRules = (
			);
			dependencies = (
			);
			name = ToDoApp;
			productName = ToDoApp;
			productReference = 10ED78AC24A2492300E36F78 /* ToDoApp.app */;
			productType = "com.apple.product-type.application";
		};
/* End PBXNativeTarget section */

/* Begin PBXProject section */
		10ED78A424A2492300E36F78 /* Project object */ = {
			isa = PBXProject;
			attributes = {
				LastSwiftUpdateCheck = 1150;
				LastUpgradeCheck = 1150;
				ORGANIZATIONNAME = "Jan Podmolík";
				TargetAttributes = {
					10ED78AB24A2492300E36F78 = {
						CreatedOnToolsVersion = 11.5;
					};
				};
			};
			buildConfigurationList = 10ED78A724A2492300E36F78 /* Build configuration list for PBXProject "ToDoApp" */;
			compatibilityVersion = "Xcode 9.3";
			developmentRegion = en;
			hasScannedForEncodings = 0;
			knownRegions = (
				en,
				Base,
			);
			mainGroup = 10ED78A324A2492300E36F78;
			productRefGroup = 10ED78AD24A2492300E36F78 /* Products */;
			projectDirPath = "";
			projectRoot = "";
			targets = (
				10ED78AB24A2492300E36F78 /* ToDoApp */,
			);
		};
/* End PBXProject section */

/* Begin PBXResourcesBuildPhase section */
		10ED78AA24A2492300E36F78 /* Resources */ = {
			isa = PBXResourcesBuildPhase;
			buildActionMask = 2147483647;
			files = (
				10ED78BF24A2492600E36F78 /* LaunchScreen.storyboard in Resources */,
				102DBB0A24A66447008302BA /* Green.png in Resources */,
				10ED78BC24A2492600E36F78 /* Preview Assets.xcassets in Resources */,
				102DBB1224A66447008302BA /* Blue.png in Resources */,
				102DBB0F24A66447008302BA /* Pink Dark.png in Resources */,
				102DBB1124A66447008302BA /* Pink Light.png in Resources */,
				102DBB0C24A66447008302BA /* Blue Light.png in Resources */,
				102DBB0E24A66447008302BA /* Green Dark.png in Resources */,
				10ED78B924A2492600E36F78 /* Assets.xcassets in Resources */,
				102DBB1424A66C40008302BA /* Default-568h@2x.png in Resources */,
				102DBB1024A66447008302BA /* Pink.png in Resources */,
				102DBB0D24A66447008302BA /* Blue Dark.png in Resources */,
				102DBB0B24A66447008302BA /* Green Light.png in Resources */,
			);
			runOnlyForDeploymentPostprocessing = 0;
		};
/* End PBXResourcesBuildPhase section */

/* Begin PBXSourcesBuildPhase section */
		10ED78A824A2492300E36F78 /* Sources */ = {
			isa = PBXSourcesBuildPhase;
			buildActionMask = 2147483647;
			files = (
				10821FB524A4BDAF005610B3 /* SettingsView.swift in Sources */,
				10821FB724A4C23E005610B3 /* FormRowStaticView.swift in Sources */,
				102DBAFF24A656DC008302BA /* FormRowLinkView.swift in Sources */,
				10C4B95D24A7728E00A761A8 /* ThemeData.swift in Sources */,
				10ED78B024A2492300E36F78 /* AppDelegate.swift in Sources */,
				10ED78B524A2492300E36F78 /* ToDoApp.xcdatamodeld in Sources */,
				10C4B95F24A7730200A761A8 /* ThemeSettings.swift in Sources */,
				10ED2EF224A3BB66006B4120 /* EmptyListView.swift in Sources */,
				10ED78B724A2492300E36F78 /* ContentView.swift in Sources */,
				10C4B95B24A7725300A761A8 /* ThemeModel.swift in Sources */,
				10ED78B224A2492300E36F78 /* SceneDelegate.swift in Sources */,
				10ED78C724A24E9C00E36F78 /* AddTodoView.swift in Sources */,
			);
			runOnlyForDeploymentPostprocessing = 0;
		};
/* End PBXSourcesBuildPhase section */

/* Begin PBXVariantGroup section */
		10ED78BD24A2492600E36F78 /* LaunchScreen.storyboard */ = {
			isa = PBXVariantGroup;
			children = (
				10ED78BE24A2492600E36F78 /* Base */,
			);
			name = LaunchScreen.storyboard;
			sourceTree = "<group>";
		};
/* End PBXVariantGroup section */

/* Begin XCBuildConfiguration section */
		10ED78C124A2492600E36F78 /* Debug */ = {
			isa = XCBuildConfiguration;
			buildSettings = {
				ALWAYS_SEARCH_USER_PATHS = NO;
				CLANG_ANALYZER_NONNULL = YES;
				CLANG_ANALYZER_NUMBER_OBJECT_CONVERSION = YES_AGGRESSIVE;
				CLANG_CXX_LANGUAGE_STANDARD = "gnu++14";
				CLANG_CXX_LIBRARY = "libc++";
				CLANG_ENABLE_MODULES = YES;
				CLANG_ENABLE_OBJC_ARC = YES;
				CLANG_ENABLE_OBJC_WEAK = YES;
				CLANG_WARN_BLOCK_CAPTURE_AUTORELEASING = YES;
				CLANG_WARN_BOOL_CONVERSION = YES;
				CLANG_WARN_COMMA = YES;
				CLANG_WARN_CONSTANT_CONVERSION = YES;
				CLANG_WARN_DEPRECATED_OBJC_IMPLEMENTATIONS = YES;
				CLANG_WARN_DIRECT_OBJC_ISA_USAGE = YES_ERROR;
				CLANG_WARN_DOCUMENTATION_COMMENTS = YES;
				CLANG_WARN_EMPTY_BODY = YES;
				CLANG_WARN_ENUM_CONVERSION = YES;
				CLANG_WARN_INFINITE_RECURSION = YES;
				CLANG_WARN_INT_CONVERSION = YES;
				CLANG_WARN_NON_LITERAL_NULL_CONVERSION = YES;
				CLANG_WARN_OBJC_IMPLICIT_RETAIN_SELF = YES;
				CLANG_WARN_OBJC_LITERAL_CONVERSION = YES;
				CLANG_WARN_OBJC_ROOT_CLASS = YES_ERROR;
				CLANG_WARN_RANGE_LOOP_ANALYSIS = YES;
				CLANG_WARN_STRICT_PROTOTYPES = YES;
				CLANG_WARN_SUSPICIOUS_MOVE = YES;
				CLANG_WARN_UNGUARDED_AVAILABILITY = YES_AGGRESSIVE;
				CLANG_WARN_UNREACHABLE_CODE = YES;
				CLANG_WARN__DUPLICATE_METHOD_MATCH = YES;
				COPY_PHASE_STRIP = NO;
				DEBUG_INFORMATION_FORMAT = dwarf;
				ENABLE_STRICT_OBJC_MSGSEND = YES;
				ENABLE_TESTABILITY = YES;
				GCC_C_LANGUAGE_STANDARD = gnu11;
				GCC_DYNAMIC_NO_PIC = NO;
				GCC_NO_COMMON_BLOCKS = YES;
				GCC_OPTIMIZATION_LEVEL = 0;
				GCC_PREPROCESSOR_DEFINITIONS = (
					"DEBUG=1",
					"$(inherited)",
				);
				GCC_WARN_64_TO_32_BIT_CONVERSION = YES;
				GCC_WARN_ABOUT_RETURN_TYPE = YES_ERROR;
				GCC_WARN_UNDECLARED_SELECTOR = YES;
				GCC_WARN_UNINITIALIZED_AUTOS = YES_AGGRESSIVE;
				GCC_WARN_UNUSED_FUNCTION = YES;
				GCC_WARN_UNUSED_VARIABLE = YES;
				IPHONEOS_DEPLOYMENT_TARGET = 13.5;
				MTL_ENABLE_DEBUG_INFO = INCLUDE_SOURCE;
				MTL_FAST_MATH = YES;
				ONLY_ACTIVE_ARCH = YES;
				SDKROOT = iphoneos;
				SWIFT_ACTIVE_COMPILATION_CONDITIONS = DEBUG;
				SWIFT_OPTIMIZATION_LEVEL = "-Onone";
			};
			name = Debug;
		};
		10ED78C224A2492600E36F78 /* Release */ = {
			isa = XCBuildConfiguration;
			buildSettings = {
				ALWAYS_SEARCH_USER_PATHS = NO;
				CLANG_ANALYZER_NONNULL = YES;
				CLANG_ANALYZER_NUMBER_OBJECT_CONVERSION = YES_AGGRESSIVE;
				CLANG_CXX_LANGUAGE_STANDARD = "gnu++14";
				CLANG_CXX_LIBRARY = "libc++";
				CLANG_ENABLE_MODULES = YES;
				CLANG_ENABLE_OBJC_ARC = YES;
				CLANG_ENABLE_OBJC_WEAK = YES;
				CLANG_WARN_BLOCK_CAPTURE_AUTORELEASING = YES;
				CLANG_WARN_BOOL_CONVERSION = YES;
				CLANG_WARN_COMMA = YES;
				CLANG_WARN_CONSTANT_CONVERSION = YES;
				CLANG_WARN_DEPRECATED_OBJC_IMPLEMENTATIONS = YES;
				CLANG_WARN_DIRECT_OBJC_ISA_USAGE = YES_ERROR;
				CLANG_WARN_DOCUMENTATION_COMMENTS = YES;
				CLANG_WARN_EMPTY_BODY = YES;
				CLANG_WARN_ENUM_CONVERSION = YES;
				CLANG_WARN_INFINITE_RECURSION = YES;
				CLANG_WARN_INT_CONVERSION = YES;
				CLANG_WARN_NON_LITERAL_NULL_CONVERSION = YES;
				CLANG_WARN_OBJC_IMPLICIT_RETAIN_SELF = YES;
				CLANG_WARN_OBJC_LITERAL_CONVERSION = YES;
				CLANG_WARN_OBJC_ROOT_CLASS = YES_ERROR;
				CLANG_WARN_RANGE_LOOP_ANALYSIS = YES;
				CLANG_WARN_STRICT_PROTOTYPES = YES;
				CLANG_WARN_SUSPICIOUS_MOVE = YES;
				CLANG_WARN_UNGUARDED_AVAILABILITY = YES_AGGRESSIVE;
				CLANG_WARN_UNREACHABLE_CODE = YES;
				CLANG_WARN__DUPLICATE_METHOD_MATCH = YES;
				COPY_PHASE_STRIP = NO;
				DEBUG_INFORMATION_FORMAT = "dwarf-with-dsym";
				ENABLE_NS_ASSERTIONS = NO;
				ENABLE_STRICT_OBJC_MSGSEND = YES;
				GCC_C_LANGUAGE_STANDARD = gnu11;
				GCC_NO_COMMON_BLOCKS = YES;
				GCC_WARN_64_TO_32_BIT_CONVERSION = YES;
				GCC_WARN_ABOUT_RETURN_TYPE = YES_ERROR;
				GCC_WARN_UNDECLARED_SELECTOR = YES;
				GCC_WARN_UNINITIALIZED_AUTOS = YES_AGGRESSIVE;
				GCC_WARN_UNUSED_FUNCTION = YES;
				GCC_WARN_UNUSED_VARIABLE = YES;
				IPHONEOS_DEPLOYMENT_TARGET = 13.5;
				MTL_ENABLE_DEBUG_INFO = NO;
				MTL_FAST_MATH = YES;
				SDKROOT = iphoneos;
				SWIFT_COMPILATION_MODE = wholemodule;
				SWIFT_OPTIMIZATION_LEVEL = "-O";
				VALIDATE_PRODUCT = YES;
			};
			name = Release;
		};
		10ED78C424A2492600E36F78 /* Debug */ = {
			isa = XCBuildConfiguration;
			buildSettings = {
				ASSETCATALOG_COMPILER_APPICON_NAME = AppIcon;
				CODE_SIGN_STYLE = Automatic;
				DEVELOPMENT_ASSET_PATHS = "\"ToDoApp/Preview Content\"";
				DEVELOPMENT_TEAM = NS75N22AKL;
				ENABLE_PREVIEWS = YES;
				INFOPLIST_FILE = ToDoApp/Info.plist;
				LD_RUNPATH_SEARCH_PATHS = (
					"$(inherited)",
					"@executable_path/Frameworks",
				);
				PRODUCT_BUNDLE_IDENTIFIER = com.podmolik.ToDoApp;
				PRODUCT_NAME = "$(TARGET_NAME)";
				SWIFT_VERSION = 5.0;
				TARGETED_DEVICE_FAMILY = "1,2";
			};
			name = Debug;
		};
		10ED78C524A2492600E36F78 /* Release */ = {
			isa = XCBuildConfiguration;
			buildSettings = {
				ASSETCATALOG_COMPILER_APPICON_NAME = AppIcon;
				CODE_SIGN_STYLE = Automatic;
				DEVELOPMENT_ASSET_PATHS = "\"ToDoApp/Preview Content\"";
				DEVELOPMENT_TEAM = NS75N22AKL;
				ENABLE_PREVIEWS = YES;
				INFOPLIST_FILE = ToDoApp/Info.plist;
				LD_RUNPATH_SEARCH_PATHS = (
					"$(inherited)",
					"@executable_path/Frameworks",
				);
				PRODUCT_BUNDLE_IDENTIFIER = com.podmolik.ToDoApp;
				PRODUCT_NAME = "$(TARGET_NAME)";
				SWIFT_VERSION = 5.0;
				TARGETED_DEVICE_FAMILY = "1,2";
			};
			name = Release;
		};
/* End XCBuildConfiguration section */

/* Begin XCConfigurationList section */
		10ED78A724A2492300E36F78 /* Build configuration list for PBXProject "ToDoApp" */ = {
			isa = XCConfigurationList;
			buildConfigurations = (
				10ED78C124A2492600E36F78 /* Debug */,
				10ED78C224A2492600E36F78 /* Release */,
			);
			defaultConfigurationIsVisible = 0;
			defaultConfigurationName = Release;
		};
		10ED78C324A2492600E36F78 /* Build configuration list for PBXNativeTarget "ToDoApp" */ = {
			isa = XCConfigurationList;
			buildConfigurations = (
				10ED78C424A2492600E36F78 /* Debug */,
				10ED78C524A2492600E36F78 /* Release */,
			);
			defaultConfigurationIsVisible = 0;
			defaultConfigurationName = Release;
		};
/* End XCConfigurationList section */

/* Begin XCVersionGroup section */
		10ED78B324A2492300E36F78 /* ToDoApp.xcdatamodeld */ = {
			isa = XCVersionGroup;
			children = (
				10ED78B424A2492300E36F78 /* ToDoApp.xcdatamodel */,
			);
			currentVersion = 10ED78B424A2492300E36F78 /* ToDoApp.xcdatamodel */;
			path = ToDoApp.xcdatamodeld;
			sourceTree = "<group>";
			versionGroupType = wrapper.xcdatamodel;
		};
/* End XCVersionGroup section */
	};
	rootObject = 10ED78A424A2492300E36F78 /* Project object */;
}
